// !$*UTF8*$!
{
	archiveVersion = 1;
	classes = {
	};
	objectVersion = 46;
	objects = {

/* Begin PBXBuildFile section */
		380490811D231FD000A0C31E /* AppDelegate.m in Sources */ = {isa = PBXBuildFile; fileRef = 380490801D231FD000A0C31E /* AppDelegate.m */; };
		380490841D231FD000A0C31E /* main.m in Sources */ = {isa = PBXBuildFile; fileRef = 380490831D231FD000A0C31E /* main.m */; };
		380490871D231FD000A0C31E /* VrijdagViewController.m in Sources */ = {isa = PBXBuildFile; fileRef = 380490861D231FD000A0C31E /* VrijdagViewController.m */; };
		380490891D231FD000A0C31E /* Assets.xcassets in Resources */ = {isa = PBXBuildFile; fileRef = 380490881D231FD000A0C31E /* Assets.xcassets */; };
		380490951D2320A500A0C31E /* DayController.m in Sources */ = {isa = PBXBuildFile; fileRef = 380490941D2320A500A0C31E /* DayController.m */; };
		380490971D2328CE00A0C31E /* Main.storyboard in Resources */ = {isa = PBXBuildFile; fileRef = 380490961D2328CE00A0C31E /* Main.storyboard */; };
		3804909D1D2329C300A0C31E /* WeekendViewController.m in Sources */ = {isa = PBXBuildFile; fileRef = 3804909C1D2329C300A0C31E /* WeekendViewController.m */; };
		380490A31D23D5B000A0C31E /* ZeventienUurViewController.m in Sources */ = {isa = PBXBuildFile; fileRef = 380490A21D23D5B000A0C31E /* ZeventienUurViewController.m */; };
		380490A71D2479FE00A0C31E /* Credits.rtf in Resources */ = {isa = PBXBuildFile; fileRef = 380490A61D2479FE00A0C31E /* Credits.rtf */; };
		38A7D0B11D54F09900FF1CAC /* WindowController.m in Sources */ = {isa = PBXBuildFile; fileRef = 38A7D0B01D54F09900FF1CAC /* WindowController.m */; };
		38A7D0B41D54F34800FF1CAC /* ContainerViewController.m in Sources */ = {isa = PBXBuildFile; fileRef = 38A7D0B31D54F34800FF1CAC /* ContainerViewController.m */; };
/* End PBXBuildFile section */

/* Begin PBXFileReference section */
		3804907C1D231FD000A0C31E /* Is het al.app */ = {isa = PBXFileReference; explicitFileType = wrapper.application; includeInIndex = 0; path = "Is het al.app"; sourceTree = BUILT_PRODUCTS_DIR; };
		3804907F1D231FD000A0C31E /* AppDelegate.h */ = {isa = PBXFileReference; lastKnownFileType = sourcecode.c.h; path = AppDelegate.h; sourceTree = "<group>"; };
		380490801D231FD000A0C31E /* AppDelegate.m */ = {isa = PBXFileReference; lastKnownFileType = sourcecode.c.objc; path = AppDelegate.m; sourceTree = "<group>"; };
		380490831D231FD000A0C31E /* main.m */ = {isa = PBXFileReference; lastKnownFileType = sourcecode.c.objc; path = main.m; sourceTree = "<group>"; };
		380490851D231FD000A0C31E /* VrijdagViewController.h */ = {isa = PBXFileReference; lastKnownFileType = sourcecode.c.h; path = VrijdagViewController.h; sourceTree = "<group>"; };
		380490861D231FD000A0C31E /* VrijdagViewController.m */ = {isa = PBXFileReference; lastKnownFileType = sourcecode.c.objc; path = VrijdagViewController.m; sourceTree = "<group>"; };
		380490881D231FD000A0C31E /* Assets.xcassets */ = {isa = PBXFileReference; lastKnownFileType = folder.assetcatalog; path = Assets.xcassets; sourceTree = "<group>"; };
		3804908D1D231FD000A0C31E /* Info.plist */ = {isa = PBXFileReference; lastKnownFileType = text.plist.xml; path = Info.plist; sourceTree = "<group>"; };
		380490931D2320A500A0C31E /* DayController.h */ = {isa = PBXFileReference; fileEncoding = 4; lastKnownFileType = sourcecode.c.h; path = DayController.h; sourceTree = "<group>"; };
		380490941D2320A500A0C31E /* DayController.m */ = {isa = PBXFileReference; fileEncoding = 4; lastKnownFileType = sourcecode.c.objc; path = DayController.m; sourceTree = "<group>"; };
		380490961D2328CE00A0C31E /* Main.storyboard */ = {isa = PBXFileReference; fileEncoding = 4; lastKnownFileType = file.storyboard; path = Main.storyboard; sourceTree = "<group>"; };
		3804909B1D2329C300A0C31E /* WeekendViewController.h */ = {isa = PBXFileReference; fileEncoding = 4; lastKnownFileType = sourcecode.c.h; path = WeekendViewController.h; sourceTree = "<group>"; };
		3804909C1D2329C300A0C31E /* WeekendViewController.m */ = {isa = PBXFileReference; fileEncoding = 4; lastKnownFileType = sourcecode.c.objc; path = WeekendViewController.m; sourceTree = "<group>"; };
		380490A11D23D5B000A0C31E /* ZeventienUurViewController.h */ = {isa = PBXFileReference; fileEncoding = 4; lastKnownFileType = sourcecode.c.h; path = ZeventienUurViewController.h; sourceTree = "<group>"; };
		380490A21D23D5B000A0C31E /* ZeventienUurViewController.m */ = {isa = PBXFileReference; fileEncoding = 4; lastKnownFileType = sourcecode.c.objc; path = ZeventienUurViewController.m; sourceTree = "<group>"; };
		380490A41D23D86B00A0C31E /* Is het al vrijdag?.entitlements */ = {isa = PBXFileReference; lastKnownFileType = text.xml; path = "Is het al vrijdag?.entitlements"; sourceTree = "<group>"; };
		380490A61D2479FE00A0C31E /* Credits.rtf */ = {isa = PBXFileReference; fileEncoding = 4; lastKnownFileType = text.rtf; path = Credits.rtf; sourceTree = "<group>"; };
		38A7D0AF1D54F09900FF1CAC /* WindowController.h */ = {isa = PBXFileReference; fileEncoding = 4; lastKnownFileType = sourcecode.c.h; path = WindowController.h; sourceTree = "<group>"; };
		38A7D0B01D54F09900FF1CAC /* WindowController.m */ = {isa = PBXFileReference; fileEncoding = 4; lastKnownFileType = sourcecode.c.objc; path = WindowController.m; sourceTree = "<group>"; };
		38A7D0B21D54F34800FF1CAC /* ContainerViewController.h */ = {isa = PBXFileReference; fileEncoding = 4; lastKnownFileType = sourcecode.c.h; path = ContainerViewController.h; sourceTree = "<group>"; };
		38A7D0B31D54F34800FF1CAC /* ContainerViewController.m */ = {isa = PBXFileReference; fileEncoding = 4; lastKnownFileType = sourcecode.c.objc; path = ContainerViewController.m; sourceTree = "<group>"; };
/* End PBXFileReference section */

/* Begin PBXFrameworksBuildPhase section */
		380490791D231FD000A0C31E /* Frameworks */ = {
			isa = PBXFrameworksBuildPhase;
			buildActionMask = 2147483647;
			files = (
			);
			runOnlyForDeploymentPostprocessing = 0;
		};
/* End PBXFrameworksBuildPhase section */

/* Begin PBXGroup section */
		380490731D231FD000A0C31E = {
			isa = PBXGroup;
			children = (
				3804907E1D231FD000A0C31E /* Is het al vrijdag? */,
				3804907D1D231FD000A0C31E /* Products */,
			);
			sourceTree = "<group>";
		};
		3804907D1D231FD000A0C31E /* Products */ = {
			isa = PBXGroup;
			children = (
				3804907C1D231FD000A0C31E /* Is het al.app */,
			);
			name = Products;
			sourceTree = "<group>";
		};
		3804907E1D231FD000A0C31E /* Is het al vrijdag? */ = {
			isa = PBXGroup;
			children = (
				380490A41D23D86B00A0C31E /* Is het al vrijdag?.entitlements */,
				3804907F1D231FD000A0C31E /* AppDelegate.h */,
				380490801D231FD000A0C31E /* AppDelegate.m */,
				38A7D0AF1D54F09900FF1CAC /* WindowController.h */,
				38A7D0B01D54F09900FF1CAC /* WindowController.m */,
				380490A51D2407CF00A0C31E /* ViewControllers */,
				380490931D2320A500A0C31E /* DayController.h */,
				380490941D2320A500A0C31E /* DayController.m */,
				380490881D231FD000A0C31E /* Assets.xcassets */,
				380490961D2328CE00A0C31E /* Main.storyboard */,
				380490821D231FD000A0C31E /* Supporting Files */,
			);
			path = "Is het al vrijdag?";
			sourceTree = "<group>";
		};
		380490821D231FD000A0C31E /* Supporting Files */ = {
			isa = PBXGroup;
			children = (
				3804908D1D231FD000A0C31E /* Info.plist */,
				380490A61D2479FE00A0C31E /* Credits.rtf */,
				380490831D231FD000A0C31E /* main.m */,
			);
			name = "Supporting Files";
			sourceTree = "<group>";
		};
		380490A51D2407CF00A0C31E /* ViewControllers */ = {
			isa = PBXGroup;
			children = (
				38A7D0B21D54F34800FF1CAC /* ContainerViewController.h */,
				38A7D0B31D54F34800FF1CAC /* ContainerViewController.m */,
				380490A11D23D5B000A0C31E /* ZeventienUurViewController.h */,
				380490A21D23D5B000A0C31E /* ZeventienUurViewController.m */,
				380490851D231FD000A0C31E /* VrijdagViewController.h */,
				380490861D231FD000A0C31E /* VrijdagViewController.m */,
				3804909B1D2329C300A0C31E /* WeekendViewController.h */,
				3804909C1D2329C300A0C31E /* WeekendViewController.m */,
			);
			name = ViewControllers;
			sourceTree = "<group>";
		};
/* End PBXGroup section */

/* Begin PBXNativeTarget section */
		3804907B1D231FD000A0C31E /* Is het al */ = {
			isa = PBXNativeTarget;
			buildConfigurationList = 380490901D231FD000A0C31E /* Build configuration list for PBXNativeTarget "Is het al" */;
			buildPhases = (
				380490781D231FD000A0C31E /* Sources */,
				380490791D231FD000A0C31E /* Frameworks */,
				3804907A1D231FD000A0C31E /* Resources */,
			);
			buildRules = (
			);
			dependencies = (
			);
			name = "Is het al";
			productName = "Is het al vrijdag?";
			productReference = 3804907C1D231FD000A0C31E /* Is het al.app */;
			productType = "com.apple.product-type.application";
		};
/* End PBXNativeTarget section */

/* Begin PBXProject section */
		380490741D231FD000A0C31E /* Project object */ = {
			isa = PBXProject;
			attributes = {
				LastUpgradeCheck = 0730;
				ORGANIZATIONNAME = "Over de muur producties";
				TargetAttributes = {
					3804907B1D231FD000A0C31E = {
						CreatedOnToolsVersion = 7.3.1;
						DevelopmentTeam = Z6JP26PUUY;
						SystemCapabilities = {
							com.apple.Sandbox = {
								enabled = 1;
							};
						};
					};
				};
			};
			buildConfigurationList = 380490771D231FD000A0C31E /* Build configuration list for PBXProject "Is het al vrijdag?" */;
			compatibilityVersion = "Xcode 3.2";
			developmentRegion = English;
			hasScannedForEncodings = 0;
			knownRegions = (
				en,
				Base,
			);
			mainGroup = 380490731D231FD000A0C31E;
			productRefGroup = 3804907D1D231FD000A0C31E /* Products */;
			projectDirPath = "";
			projectRoot = "";
			targets = (
				3804907B1D231FD000A0C31E /* Is het al */,
			);
		};
/* End PBXProject section */

/* Begin PBXResourcesBuildPhase section */
		3804907A1D231FD000A0C31E /* Resources */ = {
			isa = PBXResourcesBuildPhase;
			buildActionMask = 2147483647;
			files = (
				380490891D231FD000A0C31E /* Assets.xcassets in Resources */,
				380490A71D2479FE00A0C31E /* Credits.rtf in Resources */,
				380490971D2328CE00A0C31E /* Main.storyboard in Resources */,
			);
			runOnlyForDeploymentPostprocessing = 0;
		};
/* End PBXResourcesBuildPhase section */

/* Begin PBXSourcesBuildPhase section */
		380490781D231FD000A0C31E /* Sources */ = {
			isa = PBXSourcesBuildPhase;
			buildActionMask = 2147483647;
			files = (
				3804909D1D2329C300A0C31E /* WeekendViewController.m in Sources */,
				38A7D0B11D54F09900FF1CAC /* WindowController.m in Sources */,
				380490951D2320A500A0C31E /* DayController.m in Sources */,
				380490871D231FD000A0C31E /* VrijdagViewController.m in Sources */,
				380490A31D23D5B000A0C31E /* ZeventienUurViewController.m in Sources */,
				380490841D231FD000A0C31E /* main.m in Sources */,
				38A7D0B41D54F34800FF1CAC /* ContainerViewController.m in Sources */,
				380490811D231FD000A0C31E /* AppDelegate.m in Sources */,
			);
			runOnlyForDeploymentPostprocessing = 0;
		};
/* End PBXSourcesBuildPhase section */

/* Begin XCBuildConfiguration section */
		3804908E1D231FD000A0C31E /* Debug */ = {
			isa = XCBuildConfiguration;
			buildSettings = {
				ALWAYS_SEARCH_USER_PATHS = NO;
				CLANG_ANALYZER_NONNULL = YES;
				CLANG_CXX_LANGUAGE_STANDARD = "gnu++0x";
				CLANG_CXX_LIBRARY = "libc++";
				CLANG_ENABLE_MODULES = YES;
				CLANG_ENABLE_OBJC_ARC = YES;
				CLANG_WARN_BOOL_CONVERSION = YES;
				CLANG_WARN_CONSTANT_CONVERSION = YES;
				CLANG_WARN_DIRECT_OBJC_ISA_USAGE = YES_ERROR;
				CLANG_WARN_EMPTY_BODY = YES;
				CLANG_WARN_ENUM_CONVERSION = YES;
				CLANG_WARN_INT_CONVERSION = YES;
				CLANG_WARN_OBJC_ROOT_CLASS = YES_ERROR;
				CLANG_WARN_UNREACHABLE_CODE = YES;
				CLANG_WARN__DUPLICATE_METHOD_MATCH = YES;
				CODE_SIGN_IDENTITY = "-";
				COPY_PHASE_STRIP = NO;
				DEBUG_INFORMATION_FORMAT = dwarf;
				ENABLE_STRICT_OBJC_MSGSEND = YES;
				ENABLE_TESTABILITY = YES;
				GCC_C_LANGUAGE_STANDARD = gnu99;
				GCC_DYNAMIC_NO_PIC = NO;
				GCC_NO_COMMON_BLOCKS = YES;
				GCC_OPTIMIZATION_LEVEL = 0;
				GCC_PREPROCESSOR_DEFINITIONS = (
					"DEBUG=1",
					"$(inherited)",
				);
				GCC_WARN_64_TO_32_BIT_CONVERSION = YES;
				GCC_WARN_ABOUT_RETURN_TYPE = YES_ERROR;
				GCC_WARN_UNDECLARED_SELECTOR = YES;
				GCC_WARN_UNINITIALIZED_AUTOS = YES_AGGRESSIVE;
				GCC_WARN_UNUSED_FUNCTION = YES;
				GCC_WARN_UNUSED_VARIABLE = YES;
				MACOSX_DEPLOYMENT_TARGET = 10.11;
				MTL_ENABLE_DEBUG_INFO = YES;
				ONLY_ACTIVE_ARCH = YES;
				SDKROOT = macosx;
			};
			name = Debug;
		};
		3804908F1D231FD000A0C31E /* Release */ = {
			isa = XCBuildConfiguration;
			buildSettings = {
				ALWAYS_SEARCH_USER_PATHS = NO;
				CLANG_ANALYZER_NONNULL = YES;
				CLANG_CXX_LANGUAGE_STANDARD = "gnu++0x";
				CLANG_CXX_LIBRARY = "libc++";
				CLANG_ENABLE_MODULES = YES;
				CLANG_ENABLE_OBJC_ARC = YES;
				CLANG_WARN_BOOL_CONVERSION = YES;
				CLANG_WARN_CONSTANT_CONVERSION = YES;
				CLANG_WARN_DIRECT_OBJC_ISA_USAGE = YES_ERROR;
				CLANG_WARN_EMPTY_BODY = YES;
				CLANG_WARN_ENUM_CONVERSION = YES;
				CLANG_WARN_INT_CONVERSION = YES;
				CLANG_WARN_OBJC_ROOT_CLASS = YES_ERROR;
				CLANG_WARN_UNREACHABLE_CODE = YES;
				CLANG_WARN__DUPLICATE_METHOD_MATCH = YES;
				CODE_SIGN_IDENTITY = "-";
				COPY_PHASE_STRIP = NO;
				DEBUG_INFORMATION_FORMAT = "dwarf-with-dsym";
				ENABLE_NS_ASSERTIONS = NO;
				ENABLE_STRICT_OBJC_MSGSEND = YES;
				GCC_C_LANGUAGE_STANDARD = gnu99;
				GCC_NO_COMMON_BLOCKS = YES;
				GCC_WARN_64_TO_32_BIT_CONVERSION = YES;
				GCC_WARN_ABOUT_RETURN_TYPE = YES_ERROR;
				GCC_WARN_UNDECLARED_SELECTOR = YES;
				GCC_WARN_UNINITIALIZED_AUTOS = YES_AGGRESSIVE;
				GCC_WARN_UNUSED_FUNCTION = YES;
				GCC_WARN_UNUSED_VARIABLE = YES;
				MACOSX_DEPLOYMENT_TARGET = 10.11;
				MTL_ENABLE_DEBUG_INFO = NO;
				SDKROOT = macosx;
			};
			name = Release;
		};
		380490911D231FD000A0C31E /* Debug */ = {
			isa = XCBuildConfiguration;
			buildSettings = {
				ASSETCATALOG_COMPILER_APPICON_NAME = AppIcon;
				CODE_SIGN_ENTITLEMENTS = "Is het al vrijdag?/Is het al vrijdag?.entitlements";
				CODE_SIGN_IDENTITY = "Developer ID Application";
				COMBINE_HIDPI_IMAGES = YES;
				INFOPLIST_FILE = "Is het al vrijdag?/Info.plist";
				LD_RUNPATH_SEARCH_PATHS = "$(inherited) @executable_path/../Frameworks";
				PRODUCT_BUNDLE_IDENTIFIER = "com.greenhair.Is-het-al-vrijdag-";
				PRODUCT_NAME = "$(TARGET_NAME)";
			};
			name = Debug;
		};
		380490921D231FD000A0C31E /* Release */ = {
			isa = XCBuildConfiguration;
			buildSettings = {
				ASSETCATALOG_COMPILER_APPICON_NAME = AppIcon;
				CODE_SIGN_ENTITLEMENTS = "Is het al vrijdag?/Is het al vrijdag?.entitlements";
				CODE_SIGN_IDENTITY = "Developer ID Application";
				COMBINE_HIDPI_IMAGES = YES;
				INFOPLIST_FILE = "Is het al vrijdag?/Info.plist";
				LD_RUNPATH_SEARCH_PATHS = "$(inherited) @executable_path/../Frameworks";
				PRODUCT_BUNDLE_IDENTIFIER = "com.greenhair.Is-het-al-vrijdag-";
				PRODUCT_NAME = "$(TARGET_NAME)";
			};
			name = Release;
		};
/* End XCBuildConfiguration section */

/* Begin XCConfigurationList section */
		380490771D231FD000A0C31E /* Build configuration list for PBXProject "Is het al vrijdag?" */ = {
			isa = XCConfigurationList;
			buildConfigurations = (
				3804908E1D231FD000A0C31E /* Debug */,
				3804908F1D231FD000A0C31E /* Release */,
			);
			defaultConfigurationIsVisible = 0;
			defaultConfigurationName = Release;
		};
		380490901D231FD000A0C31E /* Build configuration list for PBXNativeTarget "Is het al" */ = {
			isa = XCConfigurationList;
			buildConfigurations = (
				380490911D231FD000A0C31E /* Debug */,
				380490921D231FD000A0C31E /* Release */,
			);
			defaultConfigurationIsVisible = 0;
			defaultConfigurationName = Release;
		};
/* End XCConfigurationList section */
	};
	rootObject = 380490741D231FD000A0C31E /* Project object */;
}
